// !$*UTF8*$!
{
	archiveVersion = 1;
	classes = {
	};
	objectVersion = 46;
	objects = {

/* Begin PBXBuildFile section */
		5613BEBB152C46990067328C /* UIKit.framework in Frameworks */ = {isa = PBXBuildFile; fileRef = 5613BEBA152C46990067328C /* UIKit.framework */; };
		5613BEBD152C46990067328C /* Foundation.framework in Frameworks */ = {isa = PBXBuildFile; fileRef = 5613BEBC152C46990067328C /* Foundation.framework */; };
		5613BEBF152C46990067328C /* CoreGraphics.framework in Frameworks */ = {isa = PBXBuildFile; fileRef = 5613BEBE152C46990067328C /* CoreGraphics.framework */; };
		5613BEC5152C46990067328C /* InfoPlist.strings in Resources */ = {isa = PBXBuildFile; fileRef = 5613BEC3152C46990067328C /* InfoPlist.strings */; };
		5613BEC7152C46990067328C /* main.m in Sources */ = {isa = PBXBuildFile; fileRef = 5613BEC6152C46990067328C /* main.m */; };
		5613BEDF152C46DD0067328C /* AppDelegate.m in Sources */ = {isa = PBXBuildFile; fileRef = 5613BED8152C46DD0067328C /* AppDelegate.m */; };
		5613BEE0152C46DD0067328C /* TrackingBrain.m in Sources */ = {isa = PBXBuildFile; fileRef = 5613BEDA152C46DD0067328C /* TrackingBrain.m */; };
		5613BEE1152C46DD0067328C /* TrackingView.m in Sources */ = {isa = PBXBuildFile; fileRef = 5613BEDC152C46DD0067328C /* TrackingView.m */; };
		5613BEE4152C47560067328C /* CoreLocation.framework in Frameworks */ = {isa = PBXBuildFile; fileRef = 5613BEE3152C47560067328C /* CoreLocation.framework */; };
		5613BEEB152C4BA40067328C /* ViewController.m in Sources */ = {isa = PBXBuildFile; fileRef = 5613BEEA152C4BA40067328C /* ViewController.m */; };
		5613BEF0152C4C2E0067328C /* ViewController.xib in Resources */ = {isa = PBXBuildFile; fileRef = 5613BEEE152C4C2E0067328C /* ViewController.xib */; };
/* End PBXBuildFile section */

/* Begin PBXFileReference section */
		5613BEB6152C46990067328C /* TrackingVRP.app */ = {isa = PBXFileReference; explicitFileType = wrapper.application; includeInIndex = 0; path = TrackingVRP.app; sourceTree = BUILT_PRODUCTS_DIR; };
		5613BEBA152C46990067328C /* UIKit.framework */ = {isa = PBXFileReference; lastKnownFileType = wrapper.framework; name = UIKit.framework; path = System/Library/Frameworks/UIKit.framework; sourceTree = SDKROOT; };
		5613BEBC152C46990067328C /* Foundation.framework */ = {isa = PBXFileReference; lastKnownFileType = wrapper.framework; name = Foundation.framework; path = System/Library/Frameworks/Foundation.framework; sourceTree = SDKROOT; };
		5613BEBE152C46990067328C /* CoreGraphics.framework */ = {isa = PBXFileReference; lastKnownFileType = wrapper.framework; name = CoreGraphics.framework; path = System/Library/Frameworks/CoreGraphics.framework; sourceTree = SDKROOT; };
		5613BEC2152C46990067328C /* TrackingVRP-Info.plist */ = {isa = PBXFileReference; lastKnownFileType = text.plist.xml; path = "TrackingVRP-Info.plist"; sourceTree = "<group>"; };
		5613BEC4152C46990067328C /* en */ = {isa = PBXFileReference; lastKnownFileType = text.plist.strings; name = en; path = en.lproj/InfoPlist.strings; sourceTree = "<group>"; };
		5613BEC6152C46990067328C /* main.m */ = {isa = PBXFileReference; lastKnownFileType = sourcecode.c.objc; path = main.m; sourceTree = "<group>"; };
		5613BEC8152C46990067328C /* TrackingVRP-Prefix.pch */ = {isa = PBXFileReference; lastKnownFileType = sourcecode.c.h; path = "TrackingVRP-Prefix.pch"; sourceTree = "<group>"; };
		5613BED7152C46DD0067328C /* AppDelegate.h */ = {isa = PBXFileReference; fileEncoding = 4; lastKnownFileType = sourcecode.c.h; path = AppDelegate.h; sourceTree = "<group>"; };
		5613BED8152C46DD0067328C /* AppDelegate.m */ = {isa = PBXFileReference; fileEncoding = 4; lastKnownFileType = sourcecode.c.objc; path = AppDelegate.m; sourceTree = "<group>"; };
		5613BED9152C46DD0067328C /* TrackingBrain.h */ = {isa = PBXFileReference; fileEncoding = 4; lastKnownFileType = sourcecode.c.h; path = TrackingBrain.h; sourceTree = "<group>"; };
		5613BEDA152C46DD0067328C /* TrackingBrain.m */ = {isa = PBXFileReference; fileEncoding = 4; lastKnownFileType = sourcecode.c.objc; path = TrackingBrain.m; sourceTree = "<group>"; };
		5613BEDB152C46DD0067328C /* TrackingView.h */ = {isa = PBXFileReference; fileEncoding = 4; lastKnownFileType = sourcecode.c.h; path = TrackingView.h; sourceTree = "<group>"; };
		5613BEDC152C46DD0067328C /* TrackingView.m */ = {isa = PBXFileReference; fileEncoding = 4; lastKnownFileType = sourcecode.c.objc; path = TrackingView.m; sourceTree = "<group>"; };
		5613BEE3152C47560067328C /* CoreLocation.framework */ = {isa = PBXFileReference; lastKnownFileType = wrapper.framework; name = CoreLocation.framework; path = System/Library/Frameworks/CoreLocation.framework; sourceTree = SDKROOT; };
		5613BEE9152C4BA40067328C /* ViewController.h */ = {isa = PBXFileReference; fileEncoding = 4; lastKnownFileType = sourcecode.c.h; path = ViewController.h; sourceTree = "<group>"; };
		5613BEEA152C4BA40067328C /* ViewController.m */ = {isa = PBXFileReference; fileEncoding = 4; lastKnownFileType = sourcecode.c.objc; path = ViewController.m; sourceTree = "<group>"; };
		5613BEEE152C4C2E0067328C /* ViewController.xib */ = {isa = PBXFileReference; fileEncoding = 4; lastKnownFileType = file.xib; path = ViewController.xib; sourceTree = "<group>"; };
/* End PBXFileReference section */

/* Begin PBXFrameworksBuildPhase section */
		5613BEB3152C46990067328C /* Frameworks */ = {
			isa = PBXFrameworksBuildPhase;
			buildActionMask = 2147483647;
			files = (
				5613BEE4152C47560067328C /* CoreLocation.framework in Frameworks */,
				5613BEBB152C46990067328C /* UIKit.framework in Frameworks */,
				5613BEBD152C46990067328C /* Foundation.framework in Frameworks */,
				5613BEBF152C46990067328C /* CoreGraphics.framework in Frameworks */,
			);
			runOnlyForDeploymentPostprocessing = 0;
		};
/* End PBXFrameworksBuildPhase section */

/* Begin PBXGroup section */
		5613BEAB152C46980067328C = {
			isa = PBXGroup;
			children = (
				5613BEC0152C46990067328C /* TrackingVRP */,
				5613BEB9152C46990067328C /* Frameworks */,
				5613BEB7152C46990067328C /* Products */,
			);
			sourceTree = "<group>";
		};
		5613BEB7152C46990067328C /* Products */ = {
			isa = PBXGroup;
			children = (
				5613BEB6152C46990067328C /* TrackingVRP.app */,
			);
			name = Products;
			sourceTree = "<group>";
		};
		5613BEB9152C46990067328C /* Frameworks */ = {
			isa = PBXGroup;
			children = (
				5613BEE3152C47560067328C /* CoreLocation.framework */,
				5613BEBA152C46990067328C /* UIKit.framework */,
				5613BEBC152C46990067328C /* Foundation.framework */,
				5613BEBE152C46990067328C /* CoreGraphics.framework */,
			);
			name = Frameworks;
			sourceTree = "<group>";
		};
		5613BEC0152C46990067328C /* TrackingVRP */ = {
			isa = PBXGroup;
			children = (
				5613BED7152C46DD0067328C /* AppDelegate.h */,
				5613BED8152C46DD0067328C /* AppDelegate.m */,
				5613BED9152C46DD0067328C /* TrackingBrain.h */,
				5613BEDA152C46DD0067328C /* TrackingBrain.m */,
				5613BEDB152C46DD0067328C /* TrackingView.h */,
				5613BEE9152C4BA40067328C /* ViewController.h */,
				5613BEEA152C4BA40067328C /* ViewController.m */,
				5613BEDC152C46DD0067328C /* TrackingView.m */,
				5613BEEE152C4C2E0067328C /* ViewController.xib */,
				5613BEC1152C46990067328C /* Supporting Files */,
			);
			path = TrackingVRP;
			sourceTree = "<group>";
		};
		5613BEC1152C46990067328C /* Supporting Files */ = {
			isa = PBXGroup;
			children = (
				5613BEC2152C46990067328C /* TrackingVRP-Info.plist */,
				5613BEC3152C46990067328C /* InfoPlist.strings */,
				5613BEC6152C46990067328C /* main.m */,
				5613BEC8152C46990067328C /* TrackingVRP-Prefix.pch */,
			);
			name = "Supporting Files";
			sourceTree = "<group>";
		};
/* End PBXGroup section */

/* Begin PBXNativeTarget section */
		5613BEB5152C46990067328C /* TrackingVRP */ = {
			isa = PBXNativeTarget;
			buildConfigurationList = 5613BED4152C46990067328C /* Build configuration list for PBXNativeTarget "TrackingVRP" */;
			buildPhases = (
				5613BEB2152C46990067328C /* Sources */,
				5613BEB3152C46990067328C /* Frameworks */,
				5613BEB4152C46990067328C /* Resources */,
			);
			buildRules = (
			);
			dependencies = (
			);
			name = TrackingVRP;
			productName = TrackingVRP;
			productReference = 5613BEB6152C46990067328C /* TrackingVRP.app */;
			productType = "com.apple.product-type.application";
		};
/* End PBXNativeTarget section */

/* Begin PBXProject section */
		5613BEAD152C46980067328C /* Project object */ = {
			isa = PBXProject;
			attributes = {
				LastUpgradeCheck = 0430;
			};
			buildConfigurationList = 5613BEB0152C46980067328C /* Build configuration list for PBXProject "TrackingVRP" */;
			compatibilityVersion = "Xcode 3.2";
			developmentRegion = English;
			hasScannedForEncodings = 0;
			knownRegions = (
				en,
			);
			mainGroup = 5613BEAB152C46980067328C;
			productRefGroup = 5613BEB7152C46990067328C /* Products */;
			projectDirPath = "";
			projectRoot = "";
			targets = (
				5613BEB5152C46990067328C /* TrackingVRP */,
			);
		};
/* End PBXProject section */

/* Begin PBXResourcesBuildPhase section */
		5613BEB4152C46990067328C /* Resources */ = {
			isa = PBXResourcesBuildPhase;
			buildActionMask = 2147483647;
			files = (
				5613BEC5152C46990067328C /* InfoPlist.strings in Resources */,
				5613BEF0152C4C2E0067328C /* ViewController.xib in Resources */,
			);
			runOnlyForDeploymentPostprocessing = 0;
		};
/* End PBXResourcesBuildPhase section */

/* Begin PBXSourcesBuildPhase section */
		5613BEB2152C46990067328C /* Sources */ = {
			isa = PBXSourcesBuildPhase;
			buildActionMask = 2147483647;
			files = (
				5613BEC7152C46990067328C /* main.m in Sources */,
				5613BEDF152C46DD0067328C /* AppDelegate.m in Sources */,
				5613BEE0152C46DD0067328C /* TrackingBrain.m in Sources */,
				5613BEE1152C46DD0067328C /* TrackingView.m in Sources */,
				5613BEEB152C4BA40067328C /* ViewController.m in Sources */,
			);
			runOnlyForDeploymentPostprocessing = 0;
		};
/* End PBXSourcesBuildPhase section */

/* Begin PBXVariantGroup section */
		5613BEC3152C46990067328C /* InfoPlist.strings */ = {
			isa = PBXVariantGroup;
			children = (
				5613BEC4152C46990067328C /* en */,
			);
			name = InfoPlist.strings;
			sourceTree = "<group>";
		};
/* End PBXVariantGroup section */

/* Begin XCBuildConfiguration section */
		5613BED2152C46990067328C /* Debug */ = {
			isa = XCBuildConfiguration;
			buildSettings = {
				ALWAYS_SEARCH_USER_PATHS = NO;
				ARCHS = "$(ARCHS_STANDARD_32_BIT)";
				"CODE_SIGN_IDENTITY[sdk=iphoneos*]" = "iPhone Developer";
				COPY_PHASE_STRIP = NO;
				GCC_C_LANGUAGE_STANDARD = gnu99;
				GCC_DYNAMIC_NO_PIC = NO;
				GCC_OPTIMIZATION_LEVEL = 0;
				GCC_PREPROCESSOR_DEFINITIONS = (
					"DEBUG=1",
					"$(inherited)",
				);
				GCC_SYMBOLS_PRIVATE_EXTERN = NO;
				GCC_VERSION = com.apple.compilers.llvm.clang.1_0;
				GCC_WARN_ABOUT_RETURN_TYPE = YES;
				GCC_WARN_UNINITIALIZED_AUTOS = YES;
				GCC_WARN_UNUSED_VARIABLE = YES;
				IPHONEOS_DEPLOYMENT_TARGET = 5.1;
				SDKROOT = iphoneos;
			};
			name = Debug;
		};
		5613BED3152C46990067328C /* Release */ = {
			isa = XCBuildConfiguration;
			buildSettings = {
				ALWAYS_SEARCH_USER_PATHS = NO;
				ARCHS = "$(ARCHS_STANDARD_32_BIT)";
				"CODE_SIGN_IDENTITY[sdk=iphoneos*]" = "iPhone Developer";
				COPY_PHASE_STRIP = YES;
				GCC_C_LANGUAGE_STANDARD = gnu99;
				GCC_VERSION = com.apple.compilers.llvm.clang.1_0;
				GCC_WARN_ABOUT_RETURN_TYPE = YES;
				GCC_WARN_UNINITIALIZED_AUTOS = YES;
				GCC_WARN_UNUSED_VARIABLE = YES;
				IPHONEOS_DEPLOYMENT_TARGET = 5.1;
				OTHER_CFLAGS = "-DNS_BLOCK_ASSERTIONS=1";
				SDKROOT = iphoneos;
				VALIDATE_PRODUCT = YES;
			};
			name = Release;
		};
		5613BED5152C46990067328C /* Debug */ = {
			isa = XCBuildConfiguration;
			buildSettings = {
				GCC_PRECOMPILE_PREFIX_HEADER = YES;
				GCC_PREFIX_HEADER = "TrackingVRP/TrackingVRP-Prefix.pch";
				INFOPLIST_FILE = "TrackingVRP/TrackingVRP-Info.plist";
				IPHONEOS_DEPLOYMENT_TARGET = 5.1;
				PRODUCT_NAME = "$(TARGET_NAME)";
				WRAPPER_EXTENSION = app;
			};
			name = Debug;
		};
		5613BED6152C46990067328C /* Release */ = {
			isa = XCBuildConfiguration;
			buildSettings = {
				GCC_PRECOMPILE_PREFIX_HEADER = YES;
				GCC_PREFIX_HEADER = "TrackingVRP/TrackingVRP-Prefix.pch";
				INFOPLIST_FILE = "TrackingVRP/TrackingVRP-Info.plist";
				IPHONEOS_DEPLOYMENT_TARGET = 5.1;
				PRODUCT_NAME = "$(TARGET_NAME)";
				WRAPPER_EXTENSION = app;
			};
			name = Release;
		};
/* End XCBuildConfiguration section */

/* Begin XCConfigurationList section */
		5613BEB0152C46980067328C /* Build configuration list for PBXProject "TrackingVRP" */ = {
			isa = XCConfigurationList;
			buildConfigurations = (
				5613BED2152C46990067328C /* Debug */,
				5613BED3152C46990067328C /* Release */,
			);
			defaultConfigurationIsVisible = 0;
			defaultConfigurationName = Release;
		};
		5613BED4152C46990067328C /* Build configuration list for PBXNativeTarget "TrackingVRP" */ = {
			isa = XCConfigurationList;
			buildConfigurations = (
				5613BED5152C46990067328C /* Debug */,
				5613BED6152C46990067328C /* Release */,
			);
			defaultConfigurationIsVisible = 0;
		};
/* End XCConfigurationList section */
	};
	rootObject = 5613BEAD152C46980067328C /* Project object */;
}
