// !$*UTF8*$!
{
	archiveVersion = 1;
	classes = {
	};
	objectVersion = 46;
	objects = {

/* Begin PBXBuildFile section */
		457D1E6815377DA3008EEFDB /* libCorePlot-CocoaTouch.a in Frameworks */ = {isa = PBXBuildFile; fileRef = 457D1E6715377DA3008EEFDB /* libCorePlot-CocoaTouch.a */; };
		457D1E6A15377F63008EEFDB /* QuartzCore.framework in Frameworks */ = {isa = PBXBuildFile; fileRef = 457D1E6915377F63008EEFDB /* QuartzCore.framework */; };
		5613BEBB152C46990067328C /* UIKit.framework in Frameworks */ = {isa = PBXBuildFile; fileRef = 5613BEBA152C46990067328C /* UIKit.framework */; };
		5613BEBD152C46990067328C /* Foundation.framework in Frameworks */ = {isa = PBXBuildFile; fileRef = 5613BEBC152C46990067328C /* Foundation.framework */; };
		5613BEBF152C46990067328C /* CoreGraphics.framework in Frameworks */ = {isa = PBXBuildFile; fileRef = 5613BEBE152C46990067328C /* CoreGraphics.framework */; };
		5613BEC5152C46990067328C /* InfoPlist.strings in Resources */ = {isa = PBXBuildFile; fileRef = 5613BEC3152C46990067328C /* InfoPlist.strings */; };
		5613BEC7152C46990067328C /* main.m in Sources */ = {isa = PBXBuildFile; fileRef = 5613BEC6152C46990067328C /* main.m */; };
		5613BEDF152C46DD0067328C /* AppDelegate.m in Sources */ = {isa = PBXBuildFile; fileRef = 5613BED8152C46DD0067328C /* AppDelegate.m */; };
		5613BEE0152C46DD0067328C /* TrackingBrain.m in Sources */ = {isa = PBXBuildFile; fileRef = 5613BEDA152C46DD0067328C /* TrackingBrain.m */; };
		5613BEE4152C47560067328C /* CoreLocation.framework in Frameworks */ = {isa = PBXBuildFile; fileRef = 5613BEE3152C47560067328C /* CoreLocation.framework */; };
		5613BEEB152C4BA40067328C /* ViewController.m in Sources */ = {isa = PBXBuildFile; fileRef = 5613BEEA152C4BA40067328C /* ViewController.m */; };
		5613BEF0152C4C2E0067328C /* ViewController.xib in Resources */ = {isa = PBXBuildFile; fileRef = 5613BEEE152C4C2E0067328C /* ViewController.xib */; };
		56A75E011538775C000A3ED5 /* GraphViewController.m in Sources */ = {isa = PBXBuildFile; fileRef = 56A75DFF1538775C000A3ED5 /* GraphViewController.m */; };
		56A75E021538775C000A3ED5 /* GraphViewController.xib in Resources */ = {isa = PBXBuildFile; fileRef = 56A75E001538775C000A3ED5 /* GraphViewController.xib */; };
/* End PBXBuildFile section */

/* Begin PBXFileReference section */
		457D1E1715377D72008EEFDB /* _CPTConstraintsFixed.h */ = {isa = PBXFileReference; fileEncoding = 4; lastKnownFileType = sourcecode.c.h; path = _CPTConstraintsFixed.h; sourceTree = "<group>"; };
		457D1E1815377D72008EEFDB /* _CPTConstraintsRelative.h */ = {isa = PBXFileReference; fileEncoding = 4; lastKnownFileType = sourcecode.c.h; path = _CPTConstraintsRelative.h; sourceTree = "<group>"; };
		457D1E1915377D72008EEFDB /* _CPTDarkGradientTheme.h */ = {isa = PBXFileReference; fileEncoding = 4; lastKnownFileType = sourcecode.c.h; path = _CPTDarkGradientTheme.h; sourceTree = "<group>"; };
		457D1E1A15377D72008EEFDB /* _CPTFillColor.h */ = {isa = PBXFileReference; fileEncoding = 4; lastKnownFileType = sourcecode.c.h; path = _CPTFillColor.h; sourceTree = "<group>"; };
		457D1E1B15377D72008EEFDB /* _CPTFillGradient.h */ = {isa = PBXFileReference; fileEncoding = 4; lastKnownFileType = sourcecode.c.h; path = _CPTFillGradient.h; sourceTree = "<group>"; };
		457D1E1C15377D72008EEFDB /* _CPTFillImage.h */ = {isa = PBXFileReference; fileEncoding = 4; lastKnownFileType = sourcecode.c.h; path = _CPTFillImage.h; sourceTree = "<group>"; };
		457D1E1D15377D72008EEFDB /* _CPTPlainBlackTheme.h */ = {isa = PBXFileReference; fileEncoding = 4; lastKnownFileType = sourcecode.c.h; path = _CPTPlainBlackTheme.h; sourceTree = "<group>"; };
		457D1E1E15377D72008EEFDB /* _CPTPlainWhiteTheme.h */ = {isa = PBXFileReference; fileEncoding = 4; lastKnownFileType = sourcecode.c.h; path = _CPTPlainWhiteTheme.h; sourceTree = "<group>"; };
		457D1E1F15377D72008EEFDB /* _CPTSlateTheme.h */ = {isa = PBXFileReference; fileEncoding = 4; lastKnownFileType = sourcecode.c.h; path = _CPTSlateTheme.h; sourceTree = "<group>"; };
		457D1E2015377D72008EEFDB /* _CPTStocksTheme.h */ = {isa = PBXFileReference; fileEncoding = 4; lastKnownFileType = sourcecode.c.h; path = _CPTStocksTheme.h; sourceTree = "<group>"; };
		457D1E2115377D72008EEFDB /* _CPTXYTheme.h */ = {isa = PBXFileReference; fileEncoding = 4; lastKnownFileType = sourcecode.c.h; path = _CPTXYTheme.h; sourceTree = "<group>"; };
		457D1E2215377D72008EEFDB /* CorePlot-CocoaTouch.h */ = {isa = PBXFileReference; fileEncoding = 4; lastKnownFileType = sourcecode.c.h; path = "CorePlot-CocoaTouch.h"; sourceTree = "<group>"; };
		457D1E2315377D72008EEFDB /* CPTAnnotation.h */ = {isa = PBXFileReference; fileEncoding = 4; lastKnownFileType = sourcecode.c.h; path = CPTAnnotation.h; sourceTree = "<group>"; };
		457D1E2415377D72008EEFDB /* CPTAnnotationHostLayer.h */ = {isa = PBXFileReference; fileEncoding = 4; lastKnownFileType = sourcecode.c.h; path = CPTAnnotationHostLayer.h; sourceTree = "<group>"; };
		457D1E2515377D72008EEFDB /* CPTAxis.h */ = {isa = PBXFileReference; fileEncoding = 4; lastKnownFileType = sourcecode.c.h; path = CPTAxis.h; sourceTree = "<group>"; };
		457D1E2615377D72008EEFDB /* CPTAxisLabel.h */ = {isa = PBXFileReference; fileEncoding = 4; lastKnownFileType = sourcecode.c.h; path = CPTAxisLabel.h; sourceTree = "<group>"; };
		457D1E2715377D72008EEFDB /* CPTAxisLabelGroup.h */ = {isa = PBXFileReference; fileEncoding = 4; lastKnownFileType = sourcecode.c.h; path = CPTAxisLabelGroup.h; sourceTree = "<group>"; };
		457D1E2815377D72008EEFDB /* CPTAxisSet.h */ = {isa = PBXFileReference; fileEncoding = 4; lastKnownFileType = sourcecode.c.h; path = CPTAxisSet.h; sourceTree = "<group>"; };
		457D1E2915377D72008EEFDB /* CPTAxisTitle.h */ = {isa = PBXFileReference; fileEncoding = 4; lastKnownFileType = sourcecode.c.h; path = CPTAxisTitle.h; sourceTree = "<group>"; };
		457D1E2A15377D72008EEFDB /* CPTBarPlot.h */ = {isa = PBXFileReference; fileEncoding = 4; lastKnownFileType = sourcecode.c.h; path = CPTBarPlot.h; sourceTree = "<group>"; };
		457D1E2B15377D72008EEFDB /* CPTBorderedLayer.h */ = {isa = PBXFileReference; fileEncoding = 4; lastKnownFileType = sourcecode.c.h; path = CPTBorderedLayer.h; sourceTree = "<group>"; };
		457D1E2C15377D72008EEFDB /* CPTColor.h */ = {isa = PBXFileReference; fileEncoding = 4; lastKnownFileType = sourcecode.c.h; path = CPTColor.h; sourceTree = "<group>"; };
		457D1E2D15377D72008EEFDB /* CPTColorSpace.h */ = {isa = PBXFileReference; fileEncoding = 4; lastKnownFileType = sourcecode.c.h; path = CPTColorSpace.h; sourceTree = "<group>"; };
		457D1E2E15377D72008EEFDB /* CPTConstraints.h */ = {isa = PBXFileReference; fileEncoding = 4; lastKnownFileType = sourcecode.c.h; path = CPTConstraints.h; sourceTree = "<group>"; };
		457D1E2F15377D72008EEFDB /* CPTDefinitions.h */ = {isa = PBXFileReference; fileEncoding = 4; lastKnownFileType = sourcecode.c.h; path = CPTDefinitions.h; sourceTree = "<group>"; };
		457D1E3015377D72008EEFDB /* CPTExceptions.h */ = {isa = PBXFileReference; fileEncoding = 4; lastKnownFileType = sourcecode.c.h; path = CPTExceptions.h; sourceTree = "<group>"; };
		457D1E3115377D72008EEFDB /* CPTFill.h */ = {isa = PBXFileReference; fileEncoding = 4; lastKnownFileType = sourcecode.c.h; path = CPTFill.h; sourceTree = "<group>"; };
		457D1E3215377D72008EEFDB /* CPTGradient.h */ = {isa = PBXFileReference; fileEncoding = 4; lastKnownFileType = sourcecode.c.h; path = CPTGradient.h; sourceTree = "<group>"; };
		457D1E3315377D72008EEFDB /* CPTGraph.h */ = {isa = PBXFileReference; fileEncoding = 4; lastKnownFileType = sourcecode.c.h; path = CPTGraph.h; sourceTree = "<group>"; };
		457D1E3415377D72008EEFDB /* CPTGraphHostingView.h */ = {isa = PBXFileReference; fileEncoding = 4; lastKnownFileType = sourcecode.c.h; path = CPTGraphHostingView.h; sourceTree = "<group>"; };
		457D1E3515377D72008EEFDB /* CPTGridLineGroup.h */ = {isa = PBXFileReference; fileEncoding = 4; lastKnownFileType = sourcecode.c.h; path = CPTGridLineGroup.h; sourceTree = "<group>"; };
		457D1E3615377D72008EEFDB /* CPTGridLines.h */ = {isa = PBXFileReference; fileEncoding = 4; lastKnownFileType = sourcecode.c.h; path = CPTGridLines.h; sourceTree = "<group>"; };
		457D1E3715377D72008EEFDB /* CPTImage.h */ = {isa = PBXFileReference; fileEncoding = 4; lastKnownFileType = sourcecode.c.h; path = CPTImage.h; sourceTree = "<group>"; };
		457D1E3815377D72008EEFDB /* CPTLayer.h */ = {isa = PBXFileReference; fileEncoding = 4; lastKnownFileType = sourcecode.c.h; path = CPTLayer.h; sourceTree = "<group>"; };
		457D1E3915377D72008EEFDB /* CPTLayerAnnotation.h */ = {isa = PBXFileReference; fileEncoding = 4; lastKnownFileType = sourcecode.c.h; path = CPTLayerAnnotation.h; sourceTree = "<group>"; };
		457D1E3A15377D72008EEFDB /* CPTLegend.h */ = {isa = PBXFileReference; fileEncoding = 4; lastKnownFileType = sourcecode.c.h; path = CPTLegend.h; sourceTree = "<group>"; };
		457D1E3B15377D72008EEFDB /* CPTLegendEntry.h */ = {isa = PBXFileReference; fileEncoding = 4; lastKnownFileType = sourcecode.c.h; path = CPTLegendEntry.h; sourceTree = "<group>"; };
		457D1E3C15377D72008EEFDB /* CPTLimitBand.h */ = {isa = PBXFileReference; fileEncoding = 4; lastKnownFileType = sourcecode.c.h; path = CPTLimitBand.h; sourceTree = "<group>"; };
		457D1E3D15377D72008EEFDB /* CPTLineCap.h */ = {isa = PBXFileReference; fileEncoding = 4; lastKnownFileType = sourcecode.c.h; path = CPTLineCap.h; sourceTree = "<group>"; };
		457D1E3E15377D72008EEFDB /* CPTLineStyle.h */ = {isa = PBXFileReference; fileEncoding = 4; lastKnownFileType = sourcecode.c.h; path = CPTLineStyle.h; sourceTree = "<group>"; };
		457D1E3F15377D72008EEFDB /* CPTMutableLineStyle.h */ = {isa = PBXFileReference; fileEncoding = 4; lastKnownFileType = sourcecode.c.h; path = CPTMutableLineStyle.h; sourceTree = "<group>"; };
		457D1E4015377D72008EEFDB /* CPTMutableNumericData+TypeConversion.h */ = {isa = PBXFileReference; fileEncoding = 4; lastKnownFileType = sourcecode.c.h; path = "CPTMutableNumericData+TypeConversion.h"; sourceTree = "<group>"; };
		457D1E4115377D72008EEFDB /* CPTMutableNumericData.h */ = {isa = PBXFileReference; fileEncoding = 4; lastKnownFileType = sourcecode.c.h; path = CPTMutableNumericData.h; sourceTree = "<group>"; };
		457D1E4215377D72008EEFDB /* CPTMutablePlotRange.h */ = {isa = PBXFileReference; fileEncoding = 4; lastKnownFileType = sourcecode.c.h; path = CPTMutablePlotRange.h; sourceTree = "<group>"; };
		457D1E4315377D72008EEFDB /* CPTMutableShadow.h */ = {isa = PBXFileReference; fileEncoding = 4; lastKnownFileType = sourcecode.c.h; path = CPTMutableShadow.h; sourceTree = "<group>"; };
		457D1E4415377D72008EEFDB /* CPTMutableTextStyle.h */ = {isa = PBXFileReference; fileEncoding = 4; lastKnownFileType = sourcecode.c.h; path = CPTMutableTextStyle.h; sourceTree = "<group>"; };
		457D1E4515377D72008EEFDB /* CPTNumericData+TypeConversion.h */ = {isa = PBXFileReference; fileEncoding = 4; lastKnownFileType = sourcecode.c.h; path = "CPTNumericData+TypeConversion.h"; sourceTree = "<group>"; };
		457D1E4615377D72008EEFDB /* CPTNumericData.h */ = {isa = PBXFileReference; fileEncoding = 4; lastKnownFileType = sourcecode.c.h; path = CPTNumericData.h; sourceTree = "<group>"; };
		457D1E4715377D72008EEFDB /* CPTNumericDataType.h */ = {isa = PBXFileReference; fileEncoding = 4; lastKnownFileType = sourcecode.c.h; path = CPTNumericDataType.h; sourceTree = "<group>"; };
		457D1E4815377D72008EEFDB /* CPTPathExtensions.h */ = {isa = PBXFileReference; fileEncoding = 4; lastKnownFileType = sourcecode.c.h; path = CPTPathExtensions.h; sourceTree = "<group>"; };
		457D1E4915377D72008EEFDB /* CPTPieChart.h */ = {isa = PBXFileReference; fileEncoding = 4; lastKnownFileType = sourcecode.c.h; path = CPTPieChart.h; sourceTree = "<group>"; };
		457D1E4A15377D72008EEFDB /* CPTPlatformSpecificCategories.h */ = {isa = PBXFileReference; fileEncoding = 4; lastKnownFileType = sourcecode.c.h; path = CPTPlatformSpecificCategories.h; sourceTree = "<group>"; };
		457D1E4B15377D72008EEFDB /* CPTPlatformSpecificDefines.h */ = {isa = PBXFileReference; fileEncoding = 4; lastKnownFileType = sourcecode.c.h; path = CPTPlatformSpecificDefines.h; sourceTree = "<group>"; };
		457D1E4C15377D72008EEFDB /* CPTPlatformSpecificFunctions.h */ = {isa = PBXFileReference; fileEncoding = 4; lastKnownFileType = sourcecode.c.h; path = CPTPlatformSpecificFunctions.h; sourceTree = "<group>"; };
		457D1E4D15377D72008EEFDB /* CPTPlot.h */ = {isa = PBXFileReference; fileEncoding = 4; lastKnownFileType = sourcecode.c.h; path = CPTPlot.h; sourceTree = "<group>"; };
		457D1E4E15377D72008EEFDB /* CPTPlotArea.h */ = {isa = PBXFileReference; fileEncoding = 4; lastKnownFileType = sourcecode.c.h; path = CPTPlotArea.h; sourceTree = "<group>"; };
		457D1E4F15377D72008EEFDB /* CPTPlotAreaFrame.h */ = {isa = PBXFileReference; fileEncoding = 4; lastKnownFileType = sourcecode.c.h; path = CPTPlotAreaFrame.h; sourceTree = "<group>"; };
		457D1E5015377D72008EEFDB /* CPTPlotGroup.h */ = {isa = PBXFileReference; fileEncoding = 4; lastKnownFileType = sourcecode.c.h; path = CPTPlotGroup.h; sourceTree = "<group>"; };
		457D1E5115377D72008EEFDB /* CPTPlotRange.h */ = {isa = PBXFileReference; fileEncoding = 4; lastKnownFileType = sourcecode.c.h; path = CPTPlotRange.h; sourceTree = "<group>"; };
		457D1E5215377D72008EEFDB /* CPTPlotSpace.h */ = {isa = PBXFileReference; fileEncoding = 4; lastKnownFileType = sourcecode.c.h; path = CPTPlotSpace.h; sourceTree = "<group>"; };
		457D1E5315377D72008EEFDB /* CPTPlotSpaceAnnotation.h */ = {isa = PBXFileReference; fileEncoding = 4; lastKnownFileType = sourcecode.c.h; path = CPTPlotSpaceAnnotation.h; sourceTree = "<group>"; };
		457D1E5415377D72008EEFDB /* CPTPlotSymbol.h */ = {isa = PBXFileReference; fileEncoding = 4; lastKnownFileType = sourcecode.c.h; path = CPTPlotSymbol.h; sourceTree = "<group>"; };
		457D1E5515377D72008EEFDB /* CPTRangePlot.h */ = {isa = PBXFileReference; fileEncoding = 4; lastKnownFileType = sourcecode.c.h; path = CPTRangePlot.h; sourceTree = "<group>"; };
		457D1E5615377D72008EEFDB /* CPTResponder.h */ = {isa = PBXFileReference; fileEncoding = 4; lastKnownFileType = sourcecode.c.h; path = CPTResponder.h; sourceTree = "<group>"; };
		457D1E5715377D72008EEFDB /* CPTScatterPlot.h */ = {isa = PBXFileReference; fileEncoding = 4; lastKnownFileType = sourcecode.c.h; path = CPTScatterPlot.h; sourceTree = "<group>"; };
		457D1E5815377D72008EEFDB /* CPTShadow.h */ = {isa = PBXFileReference; fileEncoding = 4; lastKnownFileType = sourcecode.c.h; path = CPTShadow.h; sourceTree = "<group>"; };
		457D1E5915377D72008EEFDB /* CPTTextLayer.h */ = {isa = PBXFileReference; fileEncoding = 4; lastKnownFileType = sourcecode.c.h; path = CPTTextLayer.h; sourceTree = "<group>"; };
		457D1E5A15377D72008EEFDB /* CPTTextStyle.h */ = {isa = PBXFileReference; fileEncoding = 4; lastKnownFileType = sourcecode.c.h; path = CPTTextStyle.h; sourceTree = "<group>"; };
		457D1E5B15377D72008EEFDB /* CPTTheme.h */ = {isa = PBXFileReference; fileEncoding = 4; lastKnownFileType = sourcecode.c.h; path = CPTTheme.h; sourceTree = "<group>"; };
		457D1E5C15377D72008EEFDB /* CPTTimeFormatter.h */ = {isa = PBXFileReference; fileEncoding = 4; lastKnownFileType = sourcecode.c.h; path = CPTTimeFormatter.h; sourceTree = "<group>"; };
		457D1E5D15377D72008EEFDB /* CPTTradingRangePlot.h */ = {isa = PBXFileReference; fileEncoding = 4; lastKnownFileType = sourcecode.c.h; path = CPTTradingRangePlot.h; sourceTree = "<group>"; };
		457D1E5E15377D72008EEFDB /* CPTUtilities.h */ = {isa = PBXFileReference; fileEncoding = 4; lastKnownFileType = sourcecode.c.h; path = CPTUtilities.h; sourceTree = "<group>"; };
		457D1E5F15377D72008EEFDB /* CPTXYAxis.h */ = {isa = PBXFileReference; fileEncoding = 4; lastKnownFileType = sourcecode.c.h; path = CPTXYAxis.h; sourceTree = "<group>"; };
		457D1E6015377D72008EEFDB /* CPTXYAxisSet.h */ = {isa = PBXFileReference; fileEncoding = 4; lastKnownFileType = sourcecode.c.h; path = CPTXYAxisSet.h; sourceTree = "<group>"; };
		457D1E6115377D72008EEFDB /* CPTXYGraph.h */ = {isa = PBXFileReference; fileEncoding = 4; lastKnownFileType = sourcecode.c.h; path = CPTXYGraph.h; sourceTree = "<group>"; };
		457D1E6215377D72008EEFDB /* CPTXYPlotSpace.h */ = {isa = PBXFileReference; fileEncoding = 4; lastKnownFileType = sourcecode.c.h; path = CPTXYPlotSpace.h; sourceTree = "<group>"; };
		457D1E6315377D72008EEFDB /* NSCoderExtensions.h */ = {isa = PBXFileReference; fileEncoding = 4; lastKnownFileType = sourcecode.c.h; path = NSCoderExtensions.h; sourceTree = "<group>"; };
		457D1E6415377D72008EEFDB /* NSDecimalNumberExtensions.h */ = {isa = PBXFileReference; fileEncoding = 4; lastKnownFileType = sourcecode.c.h; path = NSDecimalNumberExtensions.h; sourceTree = "<group>"; };
		457D1E6515377D72008EEFDB /* NSNumberExtensions.h */ = {isa = PBXFileReference; fileEncoding = 4; lastKnownFileType = sourcecode.c.h; path = NSNumberExtensions.h; sourceTree = "<group>"; };
		457D1E6715377DA3008EEFDB /* libCorePlot-CocoaTouch.a */ = {isa = PBXFileReference; lastKnownFileType = archive.ar; path = "libCorePlot-CocoaTouch.a"; sourceTree = "<group>"; };
		457D1E6915377F63008EEFDB /* QuartzCore.framework */ = {isa = PBXFileReference; lastKnownFileType = wrapper.framework; name = QuartzCore.framework; path = System/Library/Frameworks/QuartzCore.framework; sourceTree = SDKROOT; };
		5613BEB6152C46990067328C /* TrackingVRP.app */ = {isa = PBXFileReference; explicitFileType = wrapper.application; includeInIndex = 0; path = TrackingVRP.app; sourceTree = BUILT_PRODUCTS_DIR; };
		5613BEBA152C46990067328C /* UIKit.framework */ = {isa = PBXFileReference; lastKnownFileType = wrapper.framework; name = UIKit.framework; path = System/Library/Frameworks/UIKit.framework; sourceTree = SDKROOT; };
		5613BEBC152C46990067328C /* Foundation.framework */ = {isa = PBXFileReference; lastKnownFileType = wrapper.framework; name = Foundation.framework; path = System/Library/Frameworks/Foundation.framework; sourceTree = SDKROOT; };
		5613BEBE152C46990067328C /* CoreGraphics.framework */ = {isa = PBXFileReference; lastKnownFileType = wrapper.framework; name = CoreGraphics.framework; path = System/Library/Frameworks/CoreGraphics.framework; sourceTree = SDKROOT; };
		5613BEC2152C46990067328C /* TrackingVRP-Info.plist */ = {isa = PBXFileReference; lastKnownFileType = text.plist.xml; path = "TrackingVRP-Info.plist"; sourceTree = "<group>"; };
		5613BEC4152C46990067328C /* en */ = {isa = PBXFileReference; lastKnownFileType = text.plist.strings; name = en; path = en.lproj/InfoPlist.strings; sourceTree = "<group>"; };
		5613BEC6152C46990067328C /* main.m */ = {isa = PBXFileReference; lastKnownFileType = sourcecode.c.objc; path = main.m; sourceTree = "<group>"; };
		5613BEC8152C46990067328C /* TrackingVRP-Prefix.pch */ = {isa = PBXFileReference; lastKnownFileType = sourcecode.c.h; path = "TrackingVRP-Prefix.pch"; sourceTree = "<group>"; };
		5613BED7152C46DD0067328C /* AppDelegate.h */ = {isa = PBXFileReference; fileEncoding = 4; lastKnownFileType = sourcecode.c.h; path = AppDelegate.h; sourceTree = "<group>"; };
		5613BED8152C46DD0067328C /* AppDelegate.m */ = {isa = PBXFileReference; fileEncoding = 4; lastKnownFileType = sourcecode.c.objc; path = AppDelegate.m; sourceTree = "<group>"; };
		5613BED9152C46DD0067328C /* TrackingBrain.h */ = {isa = PBXFileReference; fileEncoding = 4; lastKnownFileType = sourcecode.c.h; path = TrackingBrain.h; sourceTree = "<group>"; };
		5613BEDA152C46DD0067328C /* TrackingBrain.m */ = {isa = PBXFileReference; fileEncoding = 4; lastKnownFileType = sourcecode.c.objc; path = TrackingBrain.m; sourceTree = "<group>"; };
		5613BEDB152C46DD0067328C /* TrackingView.h */ = {isa = PBXFileReference; fileEncoding = 4; lastKnownFileType = sourcecode.c.h; path = TrackingView.h; sourceTree = "<group>"; };
		5613BEE3152C47560067328C /* CoreLocation.framework */ = {isa = PBXFileReference; lastKnownFileType = wrapper.framework; name = CoreLocation.framework; path = System/Library/Frameworks/CoreLocation.framework; sourceTree = SDKROOT; };
		5613BEE9152C4BA40067328C /* ViewController.h */ = {isa = PBXFileReference; fileEncoding = 4; lastKnownFileType = sourcecode.c.h; path = ViewController.h; sourceTree = "<group>"; };
		5613BEEA152C4BA40067328C /* ViewController.m */ = {isa = PBXFileReference; fileEncoding = 4; lastKnownFileType = sourcecode.c.objc; path = ViewController.m; sourceTree = "<group>"; };
		5613BEEE152C4C2E0067328C /* ViewController.xib */ = {isa = PBXFileReference; fileEncoding = 4; lastKnownFileType = file.xib; path = ViewController.xib; sourceTree = "<group>"; };
		56A75DFE1538775C000A3ED5 /* GraphViewController.h */ = {isa = PBXFileReference; fileEncoding = 4; lastKnownFileType = sourcecode.c.h; name = GraphViewController.h; path = ../GraphViewController.h; sourceTree = "<group>"; };
		56A75DFF1538775C000A3ED5 /* GraphViewController.m */ = {isa = PBXFileReference; fileEncoding = 4; lastKnownFileType = sourcecode.c.objc; name = GraphViewController.m; path = ../GraphViewController.m; sourceTree = "<group>"; };
		56A75E001538775C000A3ED5 /* GraphViewController.xib */ = {isa = PBXFileReference; fileEncoding = 4; lastKnownFileType = file.xib; name = GraphViewController.xib; path = ../GraphViewController.xib; sourceTree = "<group>"; };
/* End PBXFileReference section */

/* Begin PBXFrameworksBuildPhase section */
		5613BEB3152C46990067328C /* Frameworks */ = {
			isa = PBXFrameworksBuildPhase;
			buildActionMask = 2147483647;
			files = (
				457D1E6A15377F63008EEFDB /* QuartzCore.framework in Frameworks */,
				5613BEE4152C47560067328C /* CoreLocation.framework in Frameworks */,
				5613BEBB152C46990067328C /* UIKit.framework in Frameworks */,
				5613BEBD152C46990067328C /* Foundation.framework in Frameworks */,
				5613BEBF152C46990067328C /* CoreGraphics.framework in Frameworks */,
				457D1E6815377DA3008EEFDB /* libCorePlot-CocoaTouch.a in Frameworks */,
			);
			runOnlyForDeploymentPostprocessing = 0;
		};
/* End PBXFrameworksBuildPhase section */

/* Begin PBXGroup section */
		457D1E1615377D72008EEFDB /* CorePlotHeaders */ = {
			isa = PBXGroup;
			children = (
				457D1E1715377D72008EEFDB /* _CPTConstraintsFixed.h */,
				457D1E1815377D72008EEFDB /* _CPTConstraintsRelative.h */,
				457D1E1915377D72008EEFDB /* _CPTDarkGradientTheme.h */,
				457D1E1A15377D72008EEFDB /* _CPTFillColor.h */,
				457D1E1B15377D72008EEFDB /* _CPTFillGradient.h */,
				457D1E1C15377D72008EEFDB /* _CPTFillImage.h */,
				457D1E1D15377D72008EEFDB /* _CPTPlainBlackTheme.h */,
				457D1E1E15377D72008EEFDB /* _CPTPlainWhiteTheme.h */,
				457D1E1F15377D72008EEFDB /* _CPTSlateTheme.h */,
				457D1E2015377D72008EEFDB /* _CPTStocksTheme.h */,
				457D1E2115377D72008EEFDB /* _CPTXYTheme.h */,
				457D1E2215377D72008EEFDB /* CorePlot-CocoaTouch.h */,
				457D1E2315377D72008EEFDB /* CPTAnnotation.h */,
				457D1E2415377D72008EEFDB /* CPTAnnotationHostLayer.h */,
				457D1E2515377D72008EEFDB /* CPTAxis.h */,
				457D1E2615377D72008EEFDB /* CPTAxisLabel.h */,
				457D1E2715377D72008EEFDB /* CPTAxisLabelGroup.h */,
				457D1E2815377D72008EEFDB /* CPTAxisSet.h */,
				457D1E2915377D72008EEFDB /* CPTAxisTitle.h */,
				457D1E2A15377D72008EEFDB /* CPTBarPlot.h */,
				457D1E2B15377D72008EEFDB /* CPTBorderedLayer.h */,
				457D1E2C15377D72008EEFDB /* CPTColor.h */,
				457D1E2D15377D72008EEFDB /* CPTColorSpace.h */,
				457D1E2E15377D72008EEFDB /* CPTConstraints.h */,
				457D1E2F15377D72008EEFDB /* CPTDefinitions.h */,
				457D1E3015377D72008EEFDB /* CPTExceptions.h */,
				457D1E3115377D72008EEFDB /* CPTFill.h */,
				457D1E3215377D72008EEFDB /* CPTGradient.h */,
				457D1E3315377D72008EEFDB /* CPTGraph.h */,
				457D1E3415377D72008EEFDB /* CPTGraphHostingView.h */,
				457D1E3515377D72008EEFDB /* CPTGridLineGroup.h */,
				457D1E3615377D72008EEFDB /* CPTGridLines.h */,
				457D1E3715377D72008EEFDB /* CPTImage.h */,
				457D1E3815377D72008EEFDB /* CPTLayer.h */,
				457D1E3915377D72008EEFDB /* CPTLayerAnnotation.h */,
				457D1E3A15377D72008EEFDB /* CPTLegend.h */,
				457D1E3B15377D72008EEFDB /* CPTLegendEntry.h */,
				457D1E3C15377D72008EEFDB /* CPTLimitBand.h */,
				457D1E3D15377D72008EEFDB /* CPTLineCap.h */,
				457D1E3E15377D72008EEFDB /* CPTLineStyle.h */,
				457D1E3F15377D72008EEFDB /* CPTMutableLineStyle.h */,
				457D1E4015377D72008EEFDB /* CPTMutableNumericData+TypeConversion.h */,
				457D1E4115377D72008EEFDB /* CPTMutableNumericData.h */,
				457D1E4215377D72008EEFDB /* CPTMutablePlotRange.h */,
				457D1E4315377D72008EEFDB /* CPTMutableShadow.h */,
				457D1E4415377D72008EEFDB /* CPTMutableTextStyle.h */,
				457D1E4515377D72008EEFDB /* CPTNumericData+TypeConversion.h */,
				457D1E4615377D72008EEFDB /* CPTNumericData.h */,
				457D1E4715377D72008EEFDB /* CPTNumericDataType.h */,
				457D1E4815377D72008EEFDB /* CPTPathExtensions.h */,
				457D1E4915377D72008EEFDB /* CPTPieChart.h */,
				457D1E4A15377D72008EEFDB /* CPTPlatformSpecificCategories.h */,
				457D1E4B15377D72008EEFDB /* CPTPlatformSpecificDefines.h */,
				457D1E4C15377D72008EEFDB /* CPTPlatformSpecificFunctions.h */,
				457D1E4D15377D72008EEFDB /* CPTPlot.h */,
				457D1E4E15377D72008EEFDB /* CPTPlotArea.h */,
				457D1E4F15377D72008EEFDB /* CPTPlotAreaFrame.h */,
				457D1E5015377D72008EEFDB /* CPTPlotGroup.h */,
				457D1E5115377D72008EEFDB /* CPTPlotRange.h */,
				457D1E5215377D72008EEFDB /* CPTPlotSpace.h */,
				457D1E5315377D72008EEFDB /* CPTPlotSpaceAnnotation.h */,
				457D1E5415377D72008EEFDB /* CPTPlotSymbol.h */,
				457D1E5515377D72008EEFDB /* CPTRangePlot.h */,
				457D1E5615377D72008EEFDB /* CPTResponder.h */,
				457D1E5715377D72008EEFDB /* CPTScatterPlot.h */,
				457D1E5815377D72008EEFDB /* CPTShadow.h */,
				457D1E5915377D72008EEFDB /* CPTTextLayer.h */,
				457D1E5A15377D72008EEFDB /* CPTTextStyle.h */,
				457D1E5B15377D72008EEFDB /* CPTTheme.h */,
				457D1E5C15377D72008EEFDB /* CPTTimeFormatter.h */,
				457D1E5D15377D72008EEFDB /* CPTTradingRangePlot.h */,
				457D1E5E15377D72008EEFDB /* CPTUtilities.h */,
				457D1E5F15377D72008EEFDB /* CPTXYAxis.h */,
				457D1E6015377D72008EEFDB /* CPTXYAxisSet.h */,
				457D1E6115377D72008EEFDB /* CPTXYGraph.h */,
				457D1E6215377D72008EEFDB /* CPTXYPlotSpace.h */,
				457D1E6315377D72008EEFDB /* NSCoderExtensions.h */,
				457D1E6415377D72008EEFDB /* NSDecimalNumberExtensions.h */,
				457D1E6515377D72008EEFDB /* NSNumberExtensions.h */,
			);
			path = CorePlotHeaders;
			sourceTree = "<group>";
		};
		5613BEAB152C46980067328C = {
			isa = PBXGroup;
			children = (
				5613BEC0152C46990067328C /* TrackingVRP */,
				5613BEB9152C46990067328C /* Frameworks */,
				5613BEB7152C46990067328C /* Products */,
			);
			sourceTree = "<group>";
		};
		5613BEB7152C46990067328C /* Products */ = {
			isa = PBXGroup;
			children = (
				5613BEB6152C46990067328C /* TrackingVRP.app */,
			);
			name = Products;
			sourceTree = "<group>";
		};
		5613BEB9152C46990067328C /* Frameworks */ = {
			isa = PBXGroup;
			children = (
				457D1E1615377D72008EEFDB /* CorePlotHeaders */,
				457D1E6715377DA3008EEFDB /* libCorePlot-CocoaTouch.a */,
				457D1E6915377F63008EEFDB /* QuartzCore.framework */,
				5613BEE3152C47560067328C /* CoreLocation.framework */,
				5613BEBA152C46990067328C /* UIKit.framework */,
				5613BEBC152C46990067328C /* Foundation.framework */,
				5613BEBE152C46990067328C /* CoreGraphics.framework */,
			);
			name = Frameworks;
			sourceTree = "<group>";
		};
		5613BEC0152C46990067328C /* TrackingVRP */ = {
			isa = PBXGroup;
			children = (
				56A75DFE1538775C000A3ED5 /* GraphViewController.h */,
				56A75DFF1538775C000A3ED5 /* GraphViewController.m */,
				56A75E001538775C000A3ED5 /* GraphViewController.xib */,
				5613BED7152C46DD0067328C /* AppDelegate.h */,
				5613BED8152C46DD0067328C /* AppDelegate.m */,
				5613BED9152C46DD0067328C /* TrackingBrain.h */,
				5613BEDA152C46DD0067328C /* TrackingBrain.m */,
				5613BEDB152C46DD0067328C /* TrackingView.h */,
				5613BEE9152C4BA40067328C /* ViewController.h */,
				5613BEEA152C4BA40067328C /* ViewController.m */,
				5613BEEE152C4C2E0067328C /* ViewController.xib */,
				5613BEC1152C46990067328C /* Supporting Files */,
			);
			path = TrackingVRP;
			sourceTree = "<group>";
		};
		5613BEC1152C46990067328C /* Supporting Files */ = {
			isa = PBXGroup;
			children = (
				5613BEC2152C46990067328C /* TrackingVRP-Info.plist */,
				5613BEC3152C46990067328C /* InfoPlist.strings */,
				5613BEC6152C46990067328C /* main.m */,
				5613BEC8152C46990067328C /* TrackingVRP-Prefix.pch */,
			);
			name = "Supporting Files";
			sourceTree = "<group>";
		};
/* End PBXGroup section */

/* Begin PBXNativeTarget section */
		5613BEB5152C46990067328C /* TrackingVRP */ = {
			isa = PBXNativeTarget;
			buildConfigurationList = 5613BED4152C46990067328C /* Build configuration list for PBXNativeTarget "TrackingVRP" */;
			buildPhases = (
				5613BEB2152C46990067328C /* Sources */,
				5613BEB3152C46990067328C /* Frameworks */,
				5613BEB4152C46990067328C /* Resources */,
			);
			buildRules = (
			);
			dependencies = (
			);
			name = TrackingVRP;
			productName = TrackingVRP;
			productReference = 5613BEB6152C46990067328C /* TrackingVRP.app */;
			productType = "com.apple.product-type.application";
		};
/* End PBXNativeTarget section */

/* Begin PBXProject section */
		5613BEAD152C46980067328C /* Project object */ = {
			isa = PBXProject;
			attributes = {
				LastUpgradeCheck = 0430;
			};
			buildConfigurationList = 5613BEB0152C46980067328C /* Build configuration list for PBXProject "TrackingVRP" */;
			compatibilityVersion = "Xcode 3.2";
			developmentRegion = English;
			hasScannedForEncodings = 0;
			knownRegions = (
				en,
			);
			mainGroup = 5613BEAB152C46980067328C;
			productRefGroup = 5613BEB7152C46990067328C /* Products */;
			projectDirPath = "";
			projectRoot = "";
			targets = (
				5613BEB5152C46990067328C /* TrackingVRP */,
			);
		};
/* End PBXProject section */

/* Begin PBXResourcesBuildPhase section */
		5613BEB4152C46990067328C /* Resources */ = {
			isa = PBXResourcesBuildPhase;
			buildActionMask = 2147483647;
			files = (
				5613BEC5152C46990067328C /* InfoPlist.strings in Resources */,
				5613BEF0152C4C2E0067328C /* ViewController.xib in Resources */,
				56A75E021538775C000A3ED5 /* GraphViewController.xib in Resources */,
			);
			runOnlyForDeploymentPostprocessing = 0;
		};
/* End PBXResourcesBuildPhase section */

/* Begin PBXSourcesBuildPhase section */
		5613BEB2152C46990067328C /* Sources */ = {
			isa = PBXSourcesBuildPhase;
			buildActionMask = 2147483647;
			files = (
				5613BEC7152C46990067328C /* main.m in Sources */,
				5613BEDF152C46DD0067328C /* AppDelegate.m in Sources */,
				5613BEE0152C46DD0067328C /* TrackingBrain.m in Sources */,
				5613BEEB152C4BA40067328C /* ViewController.m in Sources */,
				56A75E011538775C000A3ED5 /* GraphViewController.m in Sources */,
			);
			runOnlyForDeploymentPostprocessing = 0;
		};
/* End PBXSourcesBuildPhase section */

/* Begin PBXVariantGroup section */
		5613BEC3152C46990067328C /* InfoPlist.strings */ = {
			isa = PBXVariantGroup;
			children = (
				5613BEC4152C46990067328C /* en */,
			);
			name = InfoPlist.strings;
			sourceTree = "<group>";
		};
/* End PBXVariantGroup section */

/* Begin XCBuildConfiguration section */
		5613BED2152C46990067328C /* Debug */ = {
			isa = XCBuildConfiguration;
			buildSettings = {
				ALWAYS_SEARCH_USER_PATHS = NO;
				ARCHS = "$(ARCHS_STANDARD_32_BIT)";
				"CODE_SIGN_IDENTITY[sdk=iphoneos*]" = "iPhone Developer";
				COPY_PHASE_STRIP = NO;
				GCC_C_LANGUAGE_STANDARD = gnu99;
				GCC_DYNAMIC_NO_PIC = NO;
				GCC_OPTIMIZATION_LEVEL = 0;
				GCC_PREPROCESSOR_DEFINITIONS = (
					"DEBUG=1",
					"$(inherited)",
				);
				GCC_SYMBOLS_PRIVATE_EXTERN = NO;
				GCC_VERSION = com.apple.compilers.llvm.clang.1_0;
				GCC_WARN_ABOUT_RETURN_TYPE = YES;
				GCC_WARN_UNINITIALIZED_AUTOS = YES;
				GCC_WARN_UNUSED_VARIABLE = YES;
				IPHONEOS_DEPLOYMENT_TARGET = 5.1;
				SDKROOT = iphoneos;
			};
			name = Debug;
		};
		5613BED3152C46990067328C /* Release */ = {
			isa = XCBuildConfiguration;
			buildSettings = {
				ALWAYS_SEARCH_USER_PATHS = NO;
				ARCHS = "$(ARCHS_STANDARD_32_BIT)";
				"CODE_SIGN_IDENTITY[sdk=iphoneos*]" = "iPhone Developer";
				COPY_PHASE_STRIP = YES;
				GCC_C_LANGUAGE_STANDARD = gnu99;
				GCC_VERSION = com.apple.compilers.llvm.clang.1_0;
				GCC_WARN_ABOUT_RETURN_TYPE = YES;
				GCC_WARN_UNINITIALIZED_AUTOS = YES;
				GCC_WARN_UNUSED_VARIABLE = YES;
				IPHONEOS_DEPLOYMENT_TARGET = 5.1;
				OTHER_CFLAGS = "-DNS_BLOCK_ASSERTIONS=1";
				SDKROOT = iphoneos;
				VALIDATE_PRODUCT = YES;
			};
			name = Release;
		};
		5613BED5152C46990067328C /* Debug */ = {
			isa = XCBuildConfiguration;
			buildSettings = {
				GCC_PRECOMPILE_PREFIX_HEADER = YES;
				GCC_PREFIX_HEADER = "TrackingVRP/TrackingVRP-Prefix.pch";
				INFOPLIST_FILE = "TrackingVRP/TrackingVRP-Info.plist";
				IPHONEOS_DEPLOYMENT_TARGET = 5.1;
				LIBRARY_SEARCH_PATHS = (
					"$(inherited)",
					"\"$(SRCROOT)\"",
				);
				OTHER_LDFLAGS = (
					"-ObjC",
					"-all_load",
				);
				PRODUCT_NAME = "$(TARGET_NAME)";
				WRAPPER_EXTENSION = app;
			};
			name = Debug;
		};
		5613BED6152C46990067328C /* Release */ = {
			isa = XCBuildConfiguration;
			buildSettings = {
				GCC_PRECOMPILE_PREFIX_HEADER = YES;
				GCC_PREFIX_HEADER = "TrackingVRP/TrackingVRP-Prefix.pch";
				INFOPLIST_FILE = "TrackingVRP/TrackingVRP-Info.plist";
				IPHONEOS_DEPLOYMENT_TARGET = 5.1;
				LIBRARY_SEARCH_PATHS = (
					"$(inherited)",
					"\"$(SRCROOT)\"",
				);
				OTHER_LDFLAGS = (
					"-ObjC",
					"-all_load",
				);
				PRODUCT_NAME = "$(TARGET_NAME)";
				WRAPPER_EXTENSION = app;
			};
			name = Release;
		};
/* End XCBuildConfiguration section */

/* Begin XCConfigurationList section */
		5613BEB0152C46980067328C /* Build configuration list for PBXProject "TrackingVRP" */ = {
			isa = XCConfigurationList;
			buildConfigurations = (
				5613BED2152C46990067328C /* Debug */,
				5613BED3152C46990067328C /* Release */,
			);
			defaultConfigurationIsVisible = 0;
			defaultConfigurationName = Release;
		};
		5613BED4152C46990067328C /* Build configuration list for PBXNativeTarget "TrackingVRP" */ = {
			isa = XCConfigurationList;
			buildConfigurations = (
				5613BED5152C46990067328C /* Debug */,
				5613BED6152C46990067328C /* Release */,
			);
			defaultConfigurationIsVisible = 0;
			defaultConfigurationName = Release;
		};
/* End XCConfigurationList section */
	};
	rootObject = 5613BEAD152C46980067328C /* Project object */;
}
